
Microsoft Visual Studio Solution File, Format Version 12.00
# Visual Studio 15
VisualStudioVersion = 15.0.36217.24
MinimumVisualStudioVersion = 10.0.40219.1
Project("{FAE04EC0-301F-11D3-BF4B-00C04F79EFBC}") = "TapCaps", "TapCaps.csproj", "{F8E97535-6C7B-4242-B004-FC4E8AD52CDC}"
EndProject
Global
	GlobalSection(SolutionConfigurationPlatforms) = preSolution
		Debug|Any CPU = Debug|Any CPU
		Release|Any CPU = Release|Any CPU
	EndGlobalSection
	GlobalSection(ProjectConfigurationPlatforms) = postSolution
		{F8E97535-6C7B-4242-B004-FC4E8AD52CDC}.Debug|Any CPU.ActiveCfg = Debug|Any CPU
		{F8E97535-6C7B-4242-B004-FC4E8AD52CDC}.Debug|Any CPU.Build.0 = Debug|Any CPU
		{F8E97535-6C7B-4242-B004-FC4E8AD52CDC}.Release|Any CPU.ActiveCfg = Release|Any CPU
		{F8E97535-6C7B-4242-B004-FC4E8AD52CDC}.Release|Any CPU.Build.0 = Release|Any CPU
	EndGlobalSection
	GlobalSection(SolutionProperties) = preSolution
		HideSolutionNode = FALSE
	EndGlobalSection
	GlobalSection(ExtensibilityGlobals) = postSolution
		SolutionGuid = {AD096038-7410-4916-BB36-173B93847D48}
	EndGlobalSection
EndGlobal
